// !$*UTF8*$!
{
	archiveVersion = 1;
	classes = {
	};
	objectVersion = 56;
	objects = {

/* Begin PBXBuildFile section */
		A1C056F02A71368C00775D89 /* Cinema_ShowApp.swift in Sources */ = {isa = PBXBuildFile; fileRef = A1C056EF2A71368C00775D89 /* Cinema_ShowApp.swift */; };
		A1C056F22A71368C00775D89 /* MainView.swift in Sources */ = {isa = PBXBuildFile; fileRef = A1C056F12A71368C00775D89 /* MainView.swift */; };
		A1C056F42A71369300775D89 /* Assets.xcassets in Resources */ = {isa = PBXBuildFile; fileRef = A1C056F32A71369300775D89 /* Assets.xcassets */; };
		A1C056F72A71369300775D89 /* Preview Assets.xcassets in Resources */ = {isa = PBXBuildFile; fileRef = A1C056F62A71369300775D89 /* Preview Assets.xcassets */; };
		A1C0570B2A7137F800775D89 /* locations.json in Resources */ = {isa = PBXBuildFile; fileRef = A1C057072A7137F800775D89 /* locations.json */; };
		A1C0570C2A7137F800775D89 /* movies.json in Resources */ = {isa = PBXBuildFile; fileRef = A1C057082A7137F800775D89 /* movies.json */; };
		A1C0570D2A7137F800775D89 /* covers.json in Resources */ = {isa = PBXBuildFile; fileRef = A1C057092A7137F800775D89 /* covers.json */; };
		A1C0570E2A7137F800775D89 /* trailers.json in Resources */ = {isa = PBXBuildFile; fileRef = A1C0570A2A7137F800775D89 /* trailers.json */; };
		A1C057382A745E2400775D89 /* BrowserView.swift in Sources */ = {isa = PBXBuildFile; fileRef = A1C057372A745E2400775D89 /* BrowserView.swift */; };
		A1C0573A2A745E3800775D89 /* TrailerView.swift in Sources */ = {isa = PBXBuildFile; fileRef = A1C057392A745E3800775D89 /* TrailerView.swift */; };
		A1C0573C2A745E5F00775D89 /* MapView.swift in Sources */ = {isa = PBXBuildFile; fileRef = A1C0573B2A745E5F00775D89 /* MapView.swift */; };
		A1C0573E2A745E7000775D89 /* GalleryView.swift in Sources */ = {isa = PBXBuildFile; fileRef = A1C0573D2A745E7000775D89 /* GalleryView.swift */; };
		A1C057412A74606500775D89 /* CoverView.swift in Sources */ = {isa = PBXBuildFile; fileRef = A1C057402A74606500775D89 /* CoverView.swift */; };
		A1C057432A74661200775D89 /* CoverModel.swift in Sources */ = {isa = PBXBuildFile; fileRef = A1C057422A74661200775D89 /* CoverModel.swift */; };
		A1C057462A7466A600775D89 /* Decoder.swift in Sources */ = {isa = PBXBuildFile; fileRef = A1C057452A7466A600775D89 /* Decoder.swift */; };
		A1C057482A746A3500775D89 /* MovieCellView.swift in Sources */ = {isa = PBXBuildFile; fileRef = A1C057472A746A3500775D89 /* MovieCellView.swift */; };
		A1C0574A2A746C1400775D89 /* MovieModel.swift in Sources */ = {isa = PBXBuildFile; fileRef = A1C057492A746C1400775D89 /* MovieModel.swift */; };
		A1C0574C2A74786800775D89 /* MovieDetailView.swift in Sources */ = {isa = PBXBuildFile; fileRef = A1C0574B2A74786700775D89 /* MovieDetailView.swift */; };
		A1C0574E2A75132700775D89 /* TrailerCellView.swift in Sources */ = {isa = PBXBuildFile; fileRef = A1C0574D2A75132700775D89 /* TrailerCellView.swift */; };
		A1C057502A75162A00775D89 /* TrailerModel.swift in Sources */ = {isa = PBXBuildFile; fileRef = A1C0574F2A75162A00775D89 /* TrailerModel.swift */; };
		A1C057522A752CBF00775D89 /* VideoPlayer.swift in Sources */ = {isa = PBXBuildFile; fileRef = A1C057512A752CBF00775D89 /* VideoPlayer.swift */; };
		A1C057562A75B40600775D89 /* TrailerPlayerView.swift in Sources */ = {isa = PBXBuildFile; fileRef = A1C057552A75B40600775D89 /* TrailerPlayerView.swift */; };
		A1C057592A75B6B700775D89 /* AVKit.framework in Frameworks */ = {isa = PBXBuildFile; fileRef = A1C057582A75B6B700775D89 /* AVKit.framework */; };
		A1CE30252A76628C00BE4047 /* CinemaLocation.swift in Sources */ = {isa = PBXBuildFile; fileRef = A1CE30242A76628C00BE4047 /* CinemaLocation.swift */; };
		A1CE30272A76658900BE4047 /* CinemaAnnotaion.swift in Sources */ = {isa = PBXBuildFile; fileRef = A1CE30262A76658900BE4047 /* CinemaAnnotaion.swift */; };
/* End PBXBuildFile section */

/* Begin PBXFileReference section */
		A1C056EC2A71368C00775D89 /* Cinema Show.app */ = {isa = PBXFileReference; explicitFileType = wrapper.application; includeInIndex = 0; path = "Cinema Show.app"; sourceTree = BUILT_PRODUCTS_DIR; };
		A1C056EF2A71368C00775D89 /* Cinema_ShowApp.swift */ = {isa = PBXFileReference; lastKnownFileType = sourcecode.swift; path = Cinema_ShowApp.swift; sourceTree = "<group>"; };
		A1C056F12A71368C00775D89 /* MainView.swift */ = {isa = PBXFileReference; lastKnownFileType = sourcecode.swift; path = MainView.swift; sourceTree = "<group>"; };
		A1C056F32A71369300775D89 /* Assets.xcassets */ = {isa = PBXFileReference; lastKnownFileType = folder.assetcatalog; path = Assets.xcassets; sourceTree = "<group>"; };
		A1C056F62A71369300775D89 /* Preview Assets.xcassets */ = {isa = PBXFileReference; lastKnownFileType = folder.assetcatalog; path = "Preview Assets.xcassets"; sourceTree = "<group>"; };
		A1C057072A7137F800775D89 /* locations.json */ = {isa = PBXFileReference; fileEncoding = 4; lastKnownFileType = text.json; path = locations.json; sourceTree = "<group>"; };
		A1C057082A7137F800775D89 /* movies.json */ = {isa = PBXFileReference; fileEncoding = 4; lastKnownFileType = text.json; path = movies.json; sourceTree = "<group>"; };
		A1C057092A7137F800775D89 /* covers.json */ = {isa = PBXFileReference; fileEncoding = 4; lastKnownFileType = text.json; path = covers.json; sourceTree = "<group>"; };
		A1C0570A2A7137F800775D89 /* trailers.json */ = {isa = PBXFileReference; fileEncoding = 4; lastKnownFileType = text.json; path = trailers.json; sourceTree = "<group>"; };
		A1C057372A745E2400775D89 /* BrowserView.swift */ = {isa = PBXFileReference; lastKnownFileType = sourcecode.swift; path = BrowserView.swift; sourceTree = "<group>"; };
		A1C057392A745E3800775D89 /* TrailerView.swift */ = {isa = PBXFileReference; lastKnownFileType = sourcecode.swift; path = TrailerView.swift; sourceTree = "<group>"; };
		A1C0573B2A745E5F00775D89 /* MapView.swift */ = {isa = PBXFileReference; lastKnownFileType = sourcecode.swift; path = MapView.swift; sourceTree = "<group>"; };
		A1C0573D2A745E7000775D89 /* GalleryView.swift */ = {isa = PBXFileReference; lastKnownFileType = sourcecode.swift; path = GalleryView.swift; sourceTree = "<group>"; };
		A1C057402A74606500775D89 /* CoverView.swift */ = {isa = PBXFileReference; lastKnownFileType = sourcecode.swift; path = CoverView.swift; sourceTree = "<group>"; };
		A1C057422A74661200775D89 /* CoverModel.swift */ = {isa = PBXFileReference; lastKnownFileType = sourcecode.swift; path = CoverModel.swift; sourceTree = "<group>"; };
		A1C057452A7466A600775D89 /* Decoder.swift */ = {isa = PBXFileReference; lastKnownFileType = sourcecode.swift; path = Decoder.swift; sourceTree = "<group>"; };
		A1C057472A746A3500775D89 /* MovieCellView.swift */ = {isa = PBXFileReference; lastKnownFileType = sourcecode.swift; path = MovieCellView.swift; sourceTree = "<group>"; };
		A1C057492A746C1400775D89 /* MovieModel.swift */ = {isa = PBXFileReference; lastKnownFileType = sourcecode.swift; path = MovieModel.swift; sourceTree = "<group>"; };
		A1C0574B2A74786700775D89 /* MovieDetailView.swift */ = {isa = PBXFileReference; lastKnownFileType = sourcecode.swift; path = MovieDetailView.swift; sourceTree = "<group>"; };
		A1C0574D2A75132700775D89 /* TrailerCellView.swift */ = {isa = PBXFileReference; lastKnownFileType = sourcecode.swift; path = TrailerCellView.swift; sourceTree = "<group>"; };
		A1C0574F2A75162A00775D89 /* TrailerModel.swift */ = {isa = PBXFileReference; lastKnownFileType = sourcecode.swift; path = TrailerModel.swift; sourceTree = "<group>"; };
		A1C057512A752CBF00775D89 /* VideoPlayer.swift */ = {isa = PBXFileReference; lastKnownFileType = sourcecode.swift; path = VideoPlayer.swift; sourceTree = "<group>"; };
		A1C057552A75B40600775D89 /* TrailerPlayerView.swift */ = {isa = PBXFileReference; lastKnownFileType = sourcecode.swift; path = TrailerPlayerView.swift; sourceTree = "<group>"; };
		A1C057582A75B6B700775D89 /* AVKit.framework */ = {isa = PBXFileReference; lastKnownFileType = wrapper.framework; name = AVKit.framework; path = System/Library/Frameworks/AVKit.framework; sourceTree = SDKROOT; };
		A1CE30242A76628C00BE4047 /* CinemaLocation.swift */ = {isa = PBXFileReference; lastKnownFileType = sourcecode.swift; path = CinemaLocation.swift; sourceTree = "<group>"; };
		A1CE30262A76658900BE4047 /* CinemaAnnotaion.swift */ = {isa = PBXFileReference; lastKnownFileType = sourcecode.swift; path = CinemaAnnotaion.swift; sourceTree = "<group>"; };
/* End PBXFileReference section */

/* Begin PBXFrameworksBuildPhase section */
		A1C056E92A71368C00775D89 /* Frameworks */ = {
			isa = PBXFrameworksBuildPhase;
			buildActionMask = 2147483647;
			files = (
				A1C057592A75B6B700775D89 /* AVKit.framework in Frameworks */,
			);
			runOnlyForDeploymentPostprocessing = 0;
		};
/* End PBXFrameworksBuildPhase section */

/* Begin PBXGroup section */
		A1C056E32A71368C00775D89 = {
			isa = PBXGroup;
			children = (
				A1C056EE2A71368C00775D89 /* Cinema Show */,
				A1C056ED2A71368C00775D89 /* Products */,
				A1C057572A75B6B700775D89 /* Frameworks */,
			);
			sourceTree = "<group>";
		};
		A1C056ED2A71368C00775D89 /* Products */ = {
			isa = PBXGroup;
			children = (
				A1C056EC2A71368C00775D89 /* Cinema Show.app */,
			);
			name = Products;
			sourceTree = "<group>";
		};
		A1C056EE2A71368C00775D89 /* Cinema Show */ = {
			isa = PBXGroup;
			children = (
				A1C057442A74669300775D89 /* Utilites */,
				A1C0573F2A74605000775D89 /* Components */,
				A1C057362A745DFF00775D89 /* Views */,
				A1C057352A72921D00775D89 /* Model */,
				A1C057062A7137BE00775D89 /* Videos */,
				A1C0570F2A71380700775D89 /* Data */,
				A1C056F32A71369300775D89 /* Assets.xcassets */,
				A1C056F52A71369300775D89 /* Preview Content */,
			);
			path = "Cinema Show";
			sourceTree = "<group>";
		};
		A1C056F52A71369300775D89 /* Preview Content */ = {
			isa = PBXGroup;
			children = (
				A1C056F62A71369300775D89 /* Preview Assets.xcassets */,
			);
			path = "Preview Content";
			sourceTree = "<group>";
		};
		A1C057062A7137BE00775D89 /* Videos */ = {
			isa = PBXGroup;
			children = (
			);
			path = Videos;
			sourceTree = "<group>";
		};
		A1C0570F2A71380700775D89 /* Data */ = {
			isa = PBXGroup;
			children = (
				A1C057092A7137F800775D89 /* covers.json */,
				A1C057072A7137F800775D89 /* locations.json */,
				A1C057082A7137F800775D89 /* movies.json */,
				A1C0570A2A7137F800775D89 /* trailers.json */,
			);
			path = Data;
			sourceTree = "<group>";
		};
		A1C057352A72921D00775D89 /* Model */ = {
			isa = PBXGroup;
			children = (
				A1C057422A74661200775D89 /* CoverModel.swift */,
				A1C057492A746C1400775D89 /* MovieModel.swift */,
				A1C0574F2A75162A00775D89 /* TrailerModel.swift */,
				A1CE30242A76628C00BE4047 /* CinemaLocation.swift */,
			);
			path = Model;
			sourceTree = "<group>";
		};
		A1C057362A745DFF00775D89 /* Views */ = {
			isa = PBXGroup;
			children = (
				A1C056EF2A71368C00775D89 /* Cinema_ShowApp.swift */,
				A1C056F12A71368C00775D89 /* MainView.swift */,
				A1C057372A745E2400775D89 /* BrowserView.swift */,
				A1C057392A745E3800775D89 /* TrailerView.swift */,
				A1C0573B2A745E5F00775D89 /* MapView.swift */,
				A1C0573D2A745E7000775D89 /* GalleryView.swift */,
				A1C0574B2A74786700775D89 /* MovieDetailView.swift */,
				A1C057552A75B40600775D89 /* TrailerPlayerView.swift */,
			);
			path = Views;
			sourceTree = "<group>";
		};
		A1C0573F2A74605000775D89 /* Components */ = {
			isa = PBXGroup;
			children = (
				A1C057402A74606500775D89 /* CoverView.swift */,
				A1C057472A746A3500775D89 /* MovieCellView.swift */,
				A1C0574D2A75132700775D89 /* TrailerCellView.swift */,
				A1CE30262A76658900BE4047 /* CinemaAnnotaion.swift */,
			);
			path = Components;
			sourceTree = "<group>";
		};
		A1C057442A74669300775D89 /* Utilites */ = {
			isa = PBXGroup;
			children = (
				A1C057452A7466A600775D89 /* Decoder.swift */,
				A1C057512A752CBF00775D89 /* VideoPlayer.swift */,
			);
			path = Utilites;
			sourceTree = "<group>";
		};
		A1C057572A75B6B700775D89 /* Frameworks */ = {
			isa = PBXGroup;
			children = (
				A1C057582A75B6B700775D89 /* AVKit.framework */,
			);
			name = Frameworks;
			sourceTree = "<group>";
		};
/* End PBXGroup section */

/* Begin PBXNativeTarget section */
		A1C056EB2A71368C00775D89 /* Cinema Show */ = {
			isa = PBXNativeTarget;
			buildConfigurationList = A1C056FA2A71369300775D89 /* Build configuration list for PBXNativeTarget "Cinema Show" */;
			buildPhases = (
				A1C056E82A71368C00775D89 /* Sources */,
				A1C056E92A71368C00775D89 /* Frameworks */,
				A1C056EA2A71368C00775D89 /* Resources */,
			);
			buildRules = (
			);
			dependencies = (
			);
			name = "Cinema Show";
			productName = "Cinema Show";
			productReference = A1C056EC2A71368C00775D89 /* Cinema Show.app */;
			productType = "com.apple.product-type.application";
		};
/* End PBXNativeTarget section */

/* Begin PBXProject section */
		A1C056E42A71368C00775D89 /* Project object */ = {
			isa = PBXProject;
			attributes = {
				BuildIndependentTargetsInParallel = 1;
				LastSwiftUpdateCheck = 1430;
				LastUpgradeCheck = 1430;
				TargetAttributes = {
					A1C056EB2A71368C00775D89 = {
						CreatedOnToolsVersion = 14.3.1;
					};
				};
			};
			buildConfigurationList = A1C056E72A71368C00775D89 /* Build configuration list for PBXProject "Cinema Show" */;
			compatibilityVersion = "Xcode 14.0";
			developmentRegion = en;
			hasScannedForEncodings = 0;
			knownRegions = (
				en,
				Base,
			);
			mainGroup = A1C056E32A71368C00775D89;
			productRefGroup = A1C056ED2A71368C00775D89 /* Products */;
			projectDirPath = "";
			projectRoot = "";
			targets = (
				A1C056EB2A71368C00775D89 /* Cinema Show */,
			);
		};
/* End PBXProject section */

/* Begin PBXResourcesBuildPhase section */
		A1C056EA2A71368C00775D89 /* Resources */ = {
			isa = PBXResourcesBuildPhase;
			buildActionMask = 2147483647;
			files = (
				A1C0570D2A7137F800775D89 /* covers.json in Resources */,
				A1C056F72A71369300775D89 /* Preview Assets.xcassets in Resources */,
				A1C0570B2A7137F800775D89 /* locations.json in Resources */,
				A1C0570C2A7137F800775D89 /* movies.json in Resources */,
				A1C056F42A71369300775D89 /* Assets.xcassets in Resources */,
				A1C0570E2A7137F800775D89 /* trailers.json in Resources */,
			);
			runOnlyForDeploymentPostprocessing = 0;
		};
/* End PBXResourcesBuildPhase section */

/* Begin PBXSourcesBuildPhase section */
		A1C056E82A71368C00775D89 /* Sources */ = {
			isa = PBXSourcesBuildPhase;
			buildActionMask = 2147483647;
			files = (
				A1CE30272A76658900BE4047 /* CinemaAnnotaion.swift in Sources */,
				A1C056F22A71368C00775D89 /* MainView.swift in Sources */,
				A1C0574A2A746C1400775D89 /* MovieModel.swift in Sources */,
				A1C057412A74606500775D89 /* CoverView.swift in Sources */,
				A1C0573E2A745E7000775D89 /* GalleryView.swift in Sources */,
				A1C057482A746A3500775D89 /* MovieCellView.swift in Sources */,
				A1C057502A75162A00775D89 /* TrailerModel.swift in Sources */,
				A1CE30252A76628C00BE4047 /* CinemaLocation.swift in Sources */,
				A1C057432A74661200775D89 /* CoverModel.swift in Sources */,
				A1C0574C2A74786800775D89 /* MovieDetailView.swift in Sources */,
				A1C057462A7466A600775D89 /* Decoder.swift in Sources */,
				A1C0574E2A75132700775D89 /* TrailerCellView.swift in Sources */,
				A1C056F02A71368C00775D89 /* Cinema_ShowApp.swift in Sources */,
				A1C057522A752CBF00775D89 /* VideoPlayer.swift in Sources */,
				A1C0573C2A745E5F00775D89 /* MapView.swift in Sources */,
				A1C057562A75B40600775D89 /* TrailerPlayerView.swift in Sources */,
				A1C0573A2A745E3800775D89 /* TrailerView.swift in Sources */,
				A1C057382A745E2400775D89 /* BrowserView.swift in Sources */,
			);
			runOnlyForDeploymentPostprocessing = 0;
		};
/* End PBXSourcesBuildPhase section */

/* Begin XCBuildConfiguration section */
		A1C056F82A71369300775D89 /* Debug */ = {
			isa = XCBuildConfiguration;
			buildSettings = {
				ALWAYS_SEARCH_USER_PATHS = NO;
				CLANG_ANALYZER_NONNULL = YES;
				CLANG_ANALYZER_NUMBER_OBJECT_CONVERSION = YES_AGGRESSIVE;
				CLANG_CXX_LANGUAGE_STANDARD = "gnu++20";
				CLANG_ENABLE_MODULES = YES;
				CLANG_ENABLE_OBJC_ARC = YES;
				CLANG_ENABLE_OBJC_WEAK = YES;
				CLANG_WARN_BLOCK_CAPTURE_AUTORELEASING = YES;
				CLANG_WARN_BOOL_CONVERSION = YES;
				CLANG_WARN_COMMA = YES;
				CLANG_WARN_CONSTANT_CONVERSION = YES;
				CLANG_WARN_DEPRECATED_OBJC_IMPLEMENTATIONS = YES;
				CLANG_WARN_DIRECT_OBJC_ISA_USAGE = YES_ERROR;
				CLANG_WARN_DOCUMENTATION_COMMENTS = YES;
				CLANG_WARN_EMPTY_BODY = YES;
				CLANG_WARN_ENUM_CONVERSION = YES;
				CLANG_WARN_INFINITE_RECURSION = YES;
				CLANG_WARN_INT_CONVERSION = YES;
				CLANG_WARN_NON_LITERAL_NULL_CONVERSION = YES;
				CLANG_WARN_OBJC_IMPLICIT_RETAIN_SELF = YES;
				CLANG_WARN_OBJC_LITERAL_CONVERSION = YES;
				CLANG_WARN_OBJC_ROOT_CLASS = YES_ERROR;
				CLANG_WARN_QUOTED_INCLUDE_IN_FRAMEWORK_HEADER = YES;
				CLANG_WARN_RANGE_LOOP_ANALYSIS = YES;
				CLANG_WARN_STRICT_PROTOTYPES = YES;
				CLANG_WARN_SUSPICIOUS_MOVE = YES;
				CLANG_WARN_UNGUARDED_AVAILABILITY = YES_AGGRESSIVE;
				CLANG_WARN_UNREACHABLE_CODE = YES;
				CLANG_WARN__DUPLICATE_METHOD_MATCH = YES;
				COPY_PHASE_STRIP = NO;
				DEBUG_INFORMATION_FORMAT = dwarf;
				ENABLE_STRICT_OBJC_MSGSEND = YES;
				ENABLE_TESTABILITY = YES;
				GCC_C_LANGUAGE_STANDARD = gnu11;
				GCC_DYNAMIC_NO_PIC = NO;
				GCC_NO_COMMON_BLOCKS = YES;
				GCC_OPTIMIZATION_LEVEL = 0;
				GCC_PREPROCESSOR_DEFINITIONS = (
					"DEBUG=1",
					"$(inherited)",
				);
				GCC_WARN_64_TO_32_BIT_CONVERSION = YES;
				GCC_WARN_ABOUT_RETURN_TYPE = YES_ERROR;
				GCC_WARN_UNDECLARED_SELECTOR = YES;
				GCC_WARN_UNINITIALIZED_AUTOS = YES_AGGRESSIVE;
				GCC_WARN_UNUSED_FUNCTION = YES;
				GCC_WARN_UNUSED_VARIABLE = YES;
				IPHONEOS_DEPLOYMENT_TARGET = 16.4;
				MTL_ENABLE_DEBUG_INFO = INCLUDE_SOURCE;
				MTL_FAST_MATH = YES;
				ONLY_ACTIVE_ARCH = YES;
				SDKROOT = iphoneos;
				SWIFT_ACTIVE_COMPILATION_CONDITIONS = DEBUG;
				SWIFT_OPTIMIZATION_LEVEL = "-Onone";
			};
			name = Debug;
		};
		A1C056F92A71369300775D89 /* Release */ = {
			isa = XCBuildConfiguration;
			buildSettings = {
				ALWAYS_SEARCH_USER_PATHS = NO;
				CLANG_ANALYZER_NONNULL = YES;
				CLANG_ANALYZER_NUMBER_OBJECT_CONVERSION = YES_AGGRESSIVE;
				CLANG_CXX_LANGUAGE_STANDARD = "gnu++20";
				CLANG_ENABLE_MODULES = YES;
				CLANG_ENABLE_OBJC_ARC = YES;
				CLANG_ENABLE_OBJC_WEAK = YES;
				CLANG_WARN_BLOCK_CAPTURE_AUTORELEASING = YES;
				CLANG_WARN_BOOL_CONVERSION = YES;
				CLANG_WARN_COMMA = YES;
				CLANG_WARN_CONSTANT_CONVERSION = YES;
				CLANG_WARN_DEPRECATED_OBJC_IMPLEMENTATIONS = YES;
				CLANG_WARN_DIRECT_OBJC_ISA_USAGE = YES_ERROR;
				CLANG_WARN_DOCUMENTATION_COMMENTS = YES;
				CLANG_WARN_EMPTY_BODY = YES;
				CLANG_WARN_ENUM_CONVERSION = YES;
				CLANG_WARN_INFINITE_RECURSION = YES;
				CLANG_WARN_INT_CONVERSION = YES;
				CLANG_WARN_NON_LITERAL_NULL_CONVERSION = YES;
				CLANG_WARN_OBJC_IMPLICIT_RETAIN_SELF = YES;
				CLANG_WARN_OBJC_LITERAL_CONVERSION = YES;
				CLANG_WARN_OBJC_ROOT_CLASS = YES_ERROR;
				CLANG_WARN_QUOTED_INCLUDE_IN_FRAMEWORK_HEADER = YES;
				CLANG_WARN_RANGE_LOOP_ANALYSIS = YES;
				CLANG_WARN_STRICT_PROTOTYPES = YES;
				CLANG_WARN_SUSPICIOUS_MOVE = YES;
				CLANG_WARN_UNGUARDED_AVAILABILITY = YES_AGGRESSIVE;
				CLANG_WARN_UNREACHABLE_CODE = YES;
				CLANG_WARN__DUPLICATE_METHOD_MATCH = YES;
				COPY_PHASE_STRIP = NO;
				DEBUG_INFORMATION_FORMAT = "dwarf-with-dsym";
				ENABLE_NS_ASSERTIONS = NO;
				ENABLE_STRICT_OBJC_MSGSEND = YES;
				GCC_C_LANGUAGE_STANDARD = gnu11;
				GCC_NO_COMMON_BLOCKS = YES;
				GCC_WARN_64_TO_32_BIT_CONVERSION = YES;
				GCC_WARN_ABOUT_RETURN_TYPE = YES_ERROR;
				GCC_WARN_UNDECLARED_SELECTOR = YES;
				GCC_WARN_UNINITIALIZED_AUTOS = YES_AGGRESSIVE;
				GCC_WARN_UNUSED_FUNCTION = YES;
				GCC_WARN_UNUSED_VARIABLE = YES;
				IPHONEOS_DEPLOYMENT_TARGET = 16.4;
				MTL_ENABLE_DEBUG_INFO = NO;
				MTL_FAST_MATH = YES;
				SDKROOT = iphoneos;
				SWIFT_COMPILATION_MODE = wholemodule;
				SWIFT_OPTIMIZATION_LEVEL = "-O";
				VALIDATE_PRODUCT = YES;
			};
			name = Release;
		};
		A1C056FB2A71369300775D89 /* Debug */ = {
			isa = XCBuildConfiguration;
			buildSettings = {
				ASSETCATALOG_COMPILER_APPICON_NAME = AppIcon;
				ASSETCATALOG_COMPILER_GLOBAL_ACCENT_COLOR_NAME = AccentColor;
				CODE_SIGN_STYLE = Automatic;
				CURRENT_PROJECT_VERSION = 1;
				DEVELOPMENT_ASSET_PATHS = "\"Cinema Show/Preview Content\"";
				DEVELOPMENT_TEAM = KSQAVXV66T;
				ENABLE_PREVIEWS = YES;
				GENERATE_INFOPLIST_FILE = YES;
				INFOPLIST_KEY_UIApplicationSceneManifest_Generation = YES;
				INFOPLIST_KEY_UIApplicationSupportsIndirectInputEvents = YES;
				INFOPLIST_KEY_UILaunchScreen_Generation = YES;
				INFOPLIST_KEY_UISupportedInterfaceOrientations_iPad = "UIInterfaceOrientationPortrait UIInterfaceOrientationPortraitUpsideDown UIInterfaceOrientationLandscapeLeft UIInterfaceOrientationLandscapeRight";
				INFOPLIST_KEY_UISupportedInterfaceOrientations_iPhone = "UIInterfaceOrientationPortrait UIInterfaceOrientationLandscapeLeft UIInterfaceOrientationLandscapeRight";
				LD_RUNPATH_SEARCH_PATHS = (
					"$(inherited)",
					"@executable_path/Frameworks",
				);
				MARKETING_VERSION = 1.0;
				PRODUCT_BUNDLE_IDENTIFIER = "youssefedeeb.Cinema-Show";
				PRODUCT_NAME = "$(TARGET_NAME)";
				SWIFT_EMIT_LOC_STRINGS = YES;
				SWIFT_VERSION = 5.0;
				TARGETED_DEVICE_FAMILY = "1,2";
			};
			name = Debug;
		};
		A1C056FC2A71369300775D89 /* Release */ = {
			isa = XCBuildConfiguration;
			buildSettings = {
				ASSETCATALOG_COMPILER_APPICON_NAME = AppIcon;
				ASSETCATALOG_COMPILER_GLOBAL_ACCENT_COLOR_NAME = AccentColor;
				CODE_SIGN_STYLE = Automatic;
				CURRENT_PROJECT_VERSION = 1;
				DEVELOPMENT_ASSET_PATHS = "\"Cinema Show/Preview Content\"";
				DEVELOPMENT_TEAM = KSQAVXV66T;
				ENABLE_PREVIEWS = YES;
				GENERATE_INFOPLIST_FILE = YES;
				INFOPLIST_KEY_UIApplicationSceneManifest_Generation = YES;
				INFOPLIST_KEY_UIApplicationSupportsIndirectInputEvents = YES;
				INFOPLIST_KEY_UILaunchScreen_Generation = YES;
				INFOPLIST_KEY_UISupportedInterfaceOrientations_iPad = "UIInterfaceOrientationPortrait UIInterfaceOrientationPortraitUpsideDown UIInterfaceOrientationLandscapeLeft UIInterfaceOrientationLandscapeRight";
				INFOPLIST_KEY_UISupportedInterfaceOrientations_iPhone = "UIInterfaceOrientationPortrait UIInterfaceOrientationLandscapeLeft UIInterfaceOrientationLandscapeRight";
				LD_RUNPATH_SEARCH_PATHS = (
					"$(inherited)",
					"@executable_path/Frameworks",
				);
				MARKETING_VERSION = 1.0;
				PRODUCT_BUNDLE_IDENTIFIER = "youssefedeeb.Cinema-Show";
				PRODUCT_NAME = "$(TARGET_NAME)";
				SWIFT_EMIT_LOC_STRINGS = YES;
				SWIFT_VERSION = 5.0;
				TARGETED_DEVICE_FAMILY = "1,2";
			};
			name = Release;
		};
/* End XCBuildConfiguration section */

/* Begin XCConfigurationList section */
		A1C056E72A71368C00775D89 /* Build configuration list for PBXProject "Cinema Show" */ = {
			isa = XCConfigurationList;
			buildConfigurations = (
				A1C056F82A71369300775D89 /* Debug */,
				A1C056F92A71369300775D89 /* Release */,
			);
			defaultConfigurationIsVisible = 0;
			defaultConfigurationName = Release;
		};
		A1C056FA2A71369300775D89 /* Build configuration list for PBXNativeTarget "Cinema Show" */ = {
			isa = XCConfigurationList;
			buildConfigurations = (
				A1C056FB2A71369300775D89 /* Debug */,
				A1C056FC2A71369300775D89 /* Release */,
			);
			defaultConfigurationIsVisible = 0;
			defaultConfigurationName = Release;
		};
/* End XCConfigurationList section */
	};
	rootObject = A1C056E42A71368C00775D89 /* Project object */;
}
